
Microsoft Visual Studio Solution File, Format Version 12.00
# Visual Studio Version 16
VisualStudioVersion = 16.0.33027.164
MinimumVisualStudioVersion = 10.0.40219.1
Project("{9A19103F-16F7-4668-BE54-9A1E7A4F7556}") = "Vaish", "Vaish.csproj", "{4C587ADF-DD33-40F8-A705-32D0E29E90E4}"
EndProject
Project("{FAE04EC0-301F-11D3-BF4B-00C04F79EFBC}") = "Oop", "..\Oop\Oop.csproj", "{35CF4CF9-C545-4332-A4FD-E19DBBE39749}"
EndProject
Global
	GlobalSection(SolutionConfigurationPlatforms) = preSolution
		Debug|Any CPU = Debug|Any CPU
		Release|Any CPU = Release|Any CPU
	EndGlobalSection
	GlobalSection(ProjectConfigurationPlatforms) = postSolution
		{4C587ADF-DD33-40F8-A705-32D0E29E90E4}.Debug|Any CPU.ActiveCfg = Debug|Any CPU
		{4C587ADF-DD33-40F8-A705-32D0E29E90E4}.Debug|Any CPU.Build.0 = Debug|Any CPU
		{4C587ADF-DD33-40F8-A705-32D0E29E90E4}.Release|Any CPU.ActiveCfg = Release|Any CPU
		{4C587ADF-DD33-40F8-A705-32D0E29E90E4}.Release|Any CPU.Build.0 = Release|Any CPU
		{35CF4CF9-C545-4332-A4FD-E19DBBE39749}.Debug|Any CPU.ActiveCfg = Debug|Any CPU
		{35CF4CF9-C545-4332-A4FD-E19DBBE39749}.Debug|Any CPU.Build.0 = Debug|Any CPU
		{35CF4CF9-C545-4332-A4FD-E19DBBE39749}.Release|Any CPU.ActiveCfg = Release|Any CPU
		{35CF4CF9-C545-4332-A4FD-E19DBBE39749}.Release|Any CPU.Build.0 = Release|Any CPU
	EndGlobalSection
	GlobalSection(SolutionProperties) = preSolution
		HideSolutionNode = FALSE
	EndGlobalSection
	GlobalSection(ExtensibilityGlobals) = postSolution
		SolutionGuid = {CB95D96D-5CF0-4D3D-8DE8-EC6C315C4B22}
	EndGlobalSection
EndGlobal
